{
  "name": "techman officials",
  "lockfileVersion": 3,
  "requires": true,
  "packages": {
    "": {
      "dependencies": {
        "-": "^0.0.1-security.1"
      }
    },
    "node_modules/-": {
      "version": "0.0.1-security.1",
      "resolved": "https://registry.npmjs.org/-/-/--0.0.1-security.1.tgz",
      "integrity": "sha512-3Zy+2t+L0IAXtep/9JfiCrWiqWbfEjbIwJUQHeTAcZglnAmHugb+5/f3Qg9K3hLTykJ4SK/s1G+mymranjR/kA=="
    }
  }
}
